PODS:
  - ButtonWheel (0.1.1)
  - Hero (1.5.0)

DEPENDENCIES:
  - ButtonWheel
  - Hero

SPEC REPOS:
  trunk:
    - ButtonWheel
    - Hero

SPEC CHECKSUMS:
  ButtonWheel: 24afd7055da6548aaf5c7d40f9ea2e1b3eade706
  Hero: b7385b75e7259da62f4f85462f59a5082d66b058

PODFILE CHECKSUM: fe2d321d06940180ab665326d42b342372018349

COCOAPODS: 1.9.0
